
Microsoft Visual Studio Solution File, Format Version 12.00
# Visual Studio 14
VisualStudioVersion = 14.0.23107.0
MinimumVisualStudioVersion = 10.0.40219.1
Project("{2150E333-8FDC-42A3-9474-1A3956D46DE8}") = "Demo1", "Demo1", "{DD0A8841-513D-4388-A1D1-D41678DD8D51}"
EndProject
Project("{FAE04EC0-301F-11D3-BF4B-00C04F79EFBC}") = "SimpleModelBinding", "SimpleModelBinding\SimpleModelBinding.csproj", "{8B172F9F-D926-4A71-A4AD-A2574F7D7804}"
EndProject
Project("{2150E333-8FDC-42A3-9474-1A3956D46DE8}") = "Demo2", "Demo2", "{2D6C00B2-99A4-46CE-9B5B-6B43C8AB8A95}"
EndProject
Project("{2150E333-8FDC-42A3-9474-1A3956D46DE8}") = "Demo2A", "Demo2A", "{FEDE4C9A-7DBE-4456-866C-09587D8F75EF}"
EndProject
Global
	GlobalSection(SolutionConfigurationPlatforms) = preSolution
		Debug|Any CPU = Debug|Any CPU
		Release|Any CPU = Release|Any CPU
	EndGlobalSection
	GlobalSection(ProjectConfigurationPlatforms) = postSolution
		{8B172F9F-D926-4A71-A4AD-A2574F7D7804}.Debug|Any CPU.ActiveCfg = Debug|Any CPU
		{8B172F9F-D926-4A71-A4AD-A2574F7D7804}.Debug|Any CPU.Build.0 = Debug|Any CPU
		{8B172F9F-D926-4A71-A4AD-A2574F7D7804}.Release|Any CPU.ActiveCfg = Release|Any CPU
		{8B172F9F-D926-4A71-A4AD-A2574F7D7804}.Release|Any CPU.Build.0 = Release|Any CPU
	EndGlobalSection
	GlobalSection(SolutionProperties) = preSolution
		HideSolutionNode = FALSE
	EndGlobalSection
	GlobalSection(NestedProjects) = preSolution
		{8B172F9F-D926-4A71-A4AD-A2574F7D7804} = {DD0A8841-513D-4388-A1D1-D41678DD8D51}
	EndGlobalSection
EndGlobal
